
Microsoft Visual Studio Solution File, Format Version 12.00
# Visual Studio 15
VisualStudioVersion = 15.0.26124.0
MinimumVisualStudioVersion = 15.0.26124.0
Project("{FAE04EC0-301F-11D3-BF4B-00C04F79EFBC}") = "Client", "Client\Client.csproj", "{A3671F45-54EC-44C8-AA7A-2B9B36D93E6D}"
EndProject
Project("{FAE04EC0-301F-11D3-BF4B-00C04F79EFBC}") = "Client.Extension", "Client.Extension\Client.Extension.csproj", "{36E4B68E-4706-4D5A-8A0B-42748A9A5275}"
EndProject
Global
	GlobalSection(SolutionConfigurationPlatforms) = preSolution
		Debug|Any CPU = Debug|Any CPU
		Debug|x64 = Debug|x64
		Debug|x86 = Debug|x86
		Release|Any CPU = Release|Any CPU
		Release|x64 = Release|x64
		Release|x86 = Release|x86
	EndGlobalSection
	GlobalSection(SolutionProperties) = preSolution
		HideSolutionNode = FALSE
	EndGlobalSection
	GlobalSection(ProjectConfigurationPlatforms) = postSolution
		{A3671F45-54EC-44C8-AA7A-2B9B36D93E6D}.Debug|Any CPU.ActiveCfg = Debug|Any CPU
		{A3671F45-54EC-44C8-AA7A-2B9B36D93E6D}.Debug|Any CPU.Build.0 = Debug|Any CPU
		{A3671F45-54EC-44C8-AA7A-2B9B36D93E6D}.Debug|x64.ActiveCfg = Debug|Any CPU
		{A3671F45-54EC-44C8-AA7A-2B9B36D93E6D}.Debug|x64.Build.0 = Debug|Any CPU
		{A3671F45-54EC-44C8-AA7A-2B9B36D93E6D}.Debug|x86.ActiveCfg = Debug|Any CPU
		{A3671F45-54EC-44C8-AA7A-2B9B36D93E6D}.Debug|x86.Build.0 = Debug|Any CPU
		{A3671F45-54EC-44C8-AA7A-2B9B36D93E6D}.Release|Any CPU.ActiveCfg = Release|Any CPU
		{A3671F45-54EC-44C8-AA7A-2B9B36D93E6D}.Release|Any CPU.Build.0 = Release|Any CPU
		{A3671F45-54EC-44C8-AA7A-2B9B36D93E6D}.Release|x64.ActiveCfg = Release|Any CPU
		{A3671F45-54EC-44C8-AA7A-2B9B36D93E6D}.Release|x64.Build.0 = Release|Any CPU
		{A3671F45-54EC-44C8-AA7A-2B9B36D93E6D}.Release|x86.ActiveCfg = Release|Any CPU
		{A3671F45-54EC-44C8-AA7A-2B9B36D93E6D}.Release|x86.Build.0 = Release|Any CPU
		{36E4B68E-4706-4D5A-8A0B-42748A9A5275}.Debug|Any CPU.ActiveCfg = Debug|Any CPU
		{36E4B68E-4706-4D5A-8A0B-42748A9A5275}.Debug|Any CPU.Build.0 = Debug|Any CPU
		{36E4B68E-4706-4D5A-8A0B-42748A9A5275}.Debug|x64.ActiveCfg = Debug|Any CPU
		{36E4B68E-4706-4D5A-8A0B-42748A9A5275}.Debug|x64.Build.0 = Debug|Any CPU
		{36E4B68E-4706-4D5A-8A0B-42748A9A5275}.Debug|x86.ActiveCfg = Debug|Any CPU
		{36E4B68E-4706-4D5A-8A0B-42748A9A5275}.Debug|x86.Build.0 = Debug|Any CPU
		{36E4B68E-4706-4D5A-8A0B-42748A9A5275}.Release|Any CPU.ActiveCfg = Release|Any CPU
		{36E4B68E-4706-4D5A-8A0B-42748A9A5275}.Release|Any CPU.Build.0 = Release|Any CPU
		{36E4B68E-4706-4D5A-8A0B-42748A9A5275}.Release|x64.ActiveCfg = Release|Any CPU
		{36E4B68E-4706-4D5A-8A0B-42748A9A5275}.Release|x64.Build.0 = Release|Any CPU
		{36E4B68E-4706-4D5A-8A0B-42748A9A5275}.Release|x86.ActiveCfg = Release|Any CPU
		{36E4B68E-4706-4D5A-8A0B-42748A9A5275}.Release|x86.Build.0 = Release|Any CPU
	EndGlobalSection
EndGlobal
